
Microsoft Visual Studio Solution File, Format Version 12.00
# Visual Studio 15
VisualStudioVersion = 15.0.28010.2026
MinimumVisualStudioVersion = 10.0.40219.1
Project("{FAE04EC0-301F-11D3-BF4B-00C04F79EFBC}") = "JsonRounding", "JsonRounding\JsonRounding.csproj", "{42116261-308A-4562-B980-7F8A7561CA33}"
EndProject
Global
	GlobalSection(SolutionConfigurationPlatforms) = preSolution
		Debug|Any CPU = Debug|Any CPU
		Release|Any CPU = Release|Any CPU
	EndGlobalSection
	GlobalSection(ProjectConfigurationPlatforms) = postSolution
		{42116261-308A-4562-B980-7F8A7561CA33}.Debug|Any CPU.ActiveCfg = Debug|Any CPU
		{42116261-308A-4562-B980-7F8A7561CA33}.Debug|Any CPU.Build.0 = Debug|Any CPU
		{42116261-308A-4562-B980-7F8A7561CA33}.Release|Any CPU.ActiveCfg = Release|Any CPU
		{42116261-308A-4562-B980-7F8A7561CA33}.Release|Any CPU.Build.0 = Release|Any CPU
	EndGlobalSection
	GlobalSection(SolutionProperties) = preSolution
		HideSolutionNode = FALSE
	EndGlobalSection
	GlobalSection(ExtensibilityGlobals) = postSolution
		SolutionGuid = {3C500701-C6C4-4082-84B1-087228EFC1AE}
	EndGlobalSection
EndGlobal
